// !$*UTF8*$!
{
	archiveVersion = 1;
	classes = {
	};
	objectVersion = 55;
	objects = {

/* Begin PBXBuildFile section */
		AB04413E2802DB17008539B5 /* ChecklistApp.swift in Sources */ = {isa = PBXBuildFile; fileRef = AB04413D2802DB17008539B5 /* ChecklistApp.swift */; };
		AB0441402802DB17008539B5 /* MasterView.swift in Sources */ = {isa = PBXBuildFile; fileRef = AB04413F2802DB17008539B5 /* MasterView.swift */; };
		AB0441422802DB18008539B5 /* Assets.xcassets in Resources */ = {isa = PBXBuildFile; fileRef = AB0441412802DB18008539B5 /* Assets.xcassets */; };
		AB0441452802DB18008539B5 /* Preview Assets.xcassets in Resources */ = {isa = PBXBuildFile; fileRef = AB0441442802DB18008539B5 /* Preview Assets.xcassets */; };
		AB04414F2802DB18008539B5 /* ChecklistTests.swift in Sources */ = {isa = PBXBuildFile; fileRef = AB04414E2802DB18008539B5 /* ChecklistTests.swift */; };
		AB0441592802DB18008539B5 /* ChecklistUITests.swift in Sources */ = {isa = PBXBuildFile; fileRef = AB0441582802DB18008539B5 /* ChecklistUITests.swift */; };
		AB04415B2802DB18008539B5 /* ChecklistUITestsLaunchTests.swift in Sources */ = {isa = PBXBuildFile; fileRef = AB04415A2802DB18008539B5 /* ChecklistUITestsLaunchTests.swift */; };
		AB0441682802DBBD008539B5 /* CheckView.swift in Sources */ = {isa = PBXBuildFile; fileRef = AB0441672802DBBD008539B5 /* CheckView.swift */; };
		AB04416B2802DBD6008539B5 /* DetailView.swift in Sources */ = {isa = PBXBuildFile; fileRef = AB04416A2802DBD6008539B5 /* DetailView.swift */; };
		AB04416F2802DC08008539B5 /* MasterViewDataModel.swift in Sources */ = {isa = PBXBuildFile; fileRef = AB04416E2802DC08008539B5 /* MasterViewDataModel.swift */; };
		AB0441712802DCCE008539B5 /* CheckListDataModel.swift in Sources */ = {isa = PBXBuildFile; fileRef = AB0441702802DCCE008539B5 /* CheckListDataModel.swift */; };
		AB0441732802DD28008539B5 /* StringConstants.swift in Sources */ = {isa = PBXBuildFile; fileRef = AB0441722802DD28008539B5 /* StringConstants.swift */; };
		AB71195E2809398500514793 /* ChecklistDetailsModel.swift in Sources */ = {isa = PBXBuildFile; fileRef = AB71195D2809398500514793 /* ChecklistDetailsModel.swift */; };
		AB711960280939FA00514793 /* ChecklistDetails.json in Resources */ = {isa = PBXBuildFile; fileRef = AB71195F280939FA00514793 /* ChecklistDetails.json */; };
/* End PBXBuildFile section */

/* Begin PBXContainerItemProxy section */
		AB04414B2802DB18008539B5 /* PBXContainerItemProxy */ = {
			isa = PBXContainerItemProxy;
			containerPortal = AB0441322802DB17008539B5 /* Project object */;
			proxyType = 1;
			remoteGlobalIDString = AB0441392802DB17008539B5;
			remoteInfo = Checklist;
		};
		AB0441552802DB18008539B5 /* PBXContainerItemProxy */ = {
			isa = PBXContainerItemProxy;
			containerPortal = AB0441322802DB17008539B5 /* Project object */;
			proxyType = 1;
			remoteGlobalIDString = AB0441392802DB17008539B5;
			remoteInfo = Checklist;
		};
/* End PBXContainerItemProxy section */

/* Begin PBXFileReference section */
		AB04413A2802DB17008539B5 /* Checklist.app */ = {isa = PBXFileReference; explicitFileType = wrapper.application; includeInIndex = 0; path = Checklist.app; sourceTree = BUILT_PRODUCTS_DIR; };
		AB04413D2802DB17008539B5 /* ChecklistApp.swift */ = {isa = PBXFileReference; lastKnownFileType = sourcecode.swift; path = ChecklistApp.swift; sourceTree = "<group>"; };
		AB04413F2802DB17008539B5 /* MasterView.swift */ = {isa = PBXFileReference; lastKnownFileType = sourcecode.swift; path = MasterView.swift; sourceTree = "<group>"; };
		AB0441412802DB18008539B5 /* Assets.xcassets */ = {isa = PBXFileReference; lastKnownFileType = folder.assetcatalog; path = Assets.xcassets; sourceTree = "<group>"; };
		AB0441442802DB18008539B5 /* Preview Assets.xcassets */ = {isa = PBXFileReference; lastKnownFileType = folder.assetcatalog; path = "Preview Assets.xcassets"; sourceTree = "<group>"; };
		AB04414A2802DB18008539B5 /* ChecklistTests.xctest */ = {isa = PBXFileReference; explicitFileType = wrapper.cfbundle; includeInIndex = 0; path = ChecklistTests.xctest; sourceTree = BUILT_PRODUCTS_DIR; };
		AB04414E2802DB18008539B5 /* ChecklistTests.swift */ = {isa = PBXFileReference; lastKnownFileType = sourcecode.swift; path = ChecklistTests.swift; sourceTree = "<group>"; };
		AB0441542802DB18008539B5 /* ChecklistUITests.xctest */ = {isa = PBXFileReference; explicitFileType = wrapper.cfbundle; includeInIndex = 0; path = ChecklistUITests.xctest; sourceTree = BUILT_PRODUCTS_DIR; };
		AB0441582802DB18008539B5 /* ChecklistUITests.swift */ = {isa = PBXFileReference; lastKnownFileType = sourcecode.swift; path = ChecklistUITests.swift; sourceTree = "<group>"; };
		AB04415A2802DB18008539B5 /* ChecklistUITestsLaunchTests.swift */ = {isa = PBXFileReference; lastKnownFileType = sourcecode.swift; path = ChecklistUITestsLaunchTests.swift; sourceTree = "<group>"; };
		AB0441672802DBBD008539B5 /* CheckView.swift */ = {isa = PBXFileReference; lastKnownFileType = sourcecode.swift; path = CheckView.swift; sourceTree = "<group>"; };
		AB04416A2802DBD6008539B5 /* DetailView.swift */ = {isa = PBXFileReference; lastKnownFileType = sourcecode.swift; path = DetailView.swift; sourceTree = "<group>"; };
		AB04416E2802DC08008539B5 /* MasterViewDataModel.swift */ = {isa = PBXFileReference; lastKnownFileType = sourcecode.swift; path = MasterViewDataModel.swift; sourceTree = "<group>"; };
		AB0441702802DCCE008539B5 /* CheckListDataModel.swift */ = {isa = PBXFileReference; lastKnownFileType = sourcecode.swift; path = CheckListDataModel.swift; sourceTree = "<group>"; };
		AB0441722802DD28008539B5 /* StringConstants.swift */ = {isa = PBXFileReference; lastKnownFileType = sourcecode.swift; path = StringConstants.swift; sourceTree = "<group>"; };
		AB71195D2809398500514793 /* ChecklistDetailsModel.swift */ = {isa = PBXFileReference; lastKnownFileType = sourcecode.swift; path = ChecklistDetailsModel.swift; sourceTree = "<group>"; };
		AB71195F280939FA00514793 /* ChecklistDetails.json */ = {isa = PBXFileReference; lastKnownFileType = text.json; path = ChecklistDetails.json; sourceTree = "<group>"; };
/* End PBXFileReference section */

/* Begin PBXFrameworksBuildPhase section */
		AB0441372802DB17008539B5 /* Frameworks */ = {
			isa = PBXFrameworksBuildPhase;
			buildActionMask = 2147483647;
			files = (
			);
			runOnlyForDeploymentPostprocessing = 0;
		};
		AB0441472802DB18008539B5 /* Frameworks */ = {
			isa = PBXFrameworksBuildPhase;
			buildActionMask = 2147483647;
			files = (
			);
			runOnlyForDeploymentPostprocessing = 0;
		};
		AB0441512802DB18008539B5 /* Frameworks */ = {
			isa = PBXFrameworksBuildPhase;
			buildActionMask = 2147483647;
			files = (
			);
			runOnlyForDeploymentPostprocessing = 0;
		};
/* End PBXFrameworksBuildPhase section */

/* Begin PBXGroup section */
		AB0441312802DB17008539B5 = {
			isa = PBXGroup;
			children = (
				AB04413C2802DB17008539B5 /* Checklist */,
				AB04414D2802DB18008539B5 /* ChecklistTests */,
				AB0441572802DB18008539B5 /* ChecklistUITests */,
				AB04413B2802DB17008539B5 /* Products */,
			);
			sourceTree = "<group>";
		};
		AB04413B2802DB17008539B5 /* Products */ = {
			isa = PBXGroup;
			children = (
				AB04413A2802DB17008539B5 /* Checklist.app */,
				AB04414A2802DB18008539B5 /* ChecklistTests.xctest */,
				AB0441542802DB18008539B5 /* ChecklistUITests.xctest */,
			);
			name = Products;
			sourceTree = "<group>";
		};
		AB04413C2802DB17008539B5 /* Checklist */ = {
			isa = PBXGroup;
			children = (
				AB04413D2802DB17008539B5 /* ChecklistApp.swift */,
				AB0441692802DBC1008539B5 /* SwiftUIView */,
				AB04416C2802DBDD008539B5 /* Model */,
				AB04416D2802DBE9008539B5 /* Resources */,
				AB0441432802DB18008539B5 /* Preview Content */,
			);
			path = Checklist;
			sourceTree = "<group>";
		};
		AB0441432802DB18008539B5 /* Preview Content */ = {
			isa = PBXGroup;
			children = (
				AB0441442802DB18008539B5 /* Preview Assets.xcassets */,
			);
			path = "Preview Content";
			sourceTree = "<group>";
		};
		AB04414D2802DB18008539B5 /* ChecklistTests */ = {
			isa = PBXGroup;
			children = (
				AB04414E2802DB18008539B5 /* ChecklistTests.swift */,
			);
			path = ChecklistTests;
			sourceTree = "<group>";
		};
		AB0441572802DB18008539B5 /* ChecklistUITests */ = {
			isa = PBXGroup;
			children = (
				AB0441582802DB18008539B5 /* ChecklistUITests.swift */,
				AB04415A2802DB18008539B5 /* ChecklistUITestsLaunchTests.swift */,
			);
			path = ChecklistUITests;
			sourceTree = "<group>";
		};
		AB0441692802DBC1008539B5 /* SwiftUIView */ = {
			isa = PBXGroup;
			children = (
				AB04413F2802DB17008539B5 /* MasterView.swift */,
				AB0441672802DBBD008539B5 /* CheckView.swift */,
				AB04416A2802DBD6008539B5 /* DetailView.swift */,
			);
			path = SwiftUIView;
			sourceTree = "<group>";
		};
		AB04416C2802DBDD008539B5 /* Model */ = {
			isa = PBXGroup;
			children = (
				AB04416E2802DC08008539B5 /* MasterViewDataModel.swift */,
				AB0441702802DCCE008539B5 /* CheckListDataModel.swift */,
				AB71195D2809398500514793 /* ChecklistDetailsModel.swift */,
			);
			path = Model;
			sourceTree = "<group>";
		};
		AB04416D2802DBE9008539B5 /* Resources */ = {
			isa = PBXGroup;
			children = (
				AB0441412802DB18008539B5 /* Assets.xcassets */,
				AB0441722802DD28008539B5 /* StringConstants.swift */,
				AB71195F280939FA00514793 /* ChecklistDetails.json */,
			);
			path = Resources;
			sourceTree = "<group>";
		};
/* End PBXGroup section */

/* Begin PBXNativeTarget section */
		AB0441392802DB17008539B5 /* Checklist */ = {
			isa = PBXNativeTarget;
			buildConfigurationList = AB04415E2802DB18008539B5 /* Build configuration list for PBXNativeTarget "Checklist" */;
			buildPhases = (
				AB0441362802DB17008539B5 /* Sources */,
				AB0441372802DB17008539B5 /* Frameworks */,
				AB0441382802DB17008539B5 /* Resources */,
			);
			buildRules = (
			);
			dependencies = (
			);
			name = Checklist;
			productName = Checklist;
			productReference = AB04413A2802DB17008539B5 /* Checklist.app */;
			productType = "com.apple.product-type.application";
		};
		AB0441492802DB18008539B5 /* ChecklistTests */ = {
			isa = PBXNativeTarget;
			buildConfigurationList = AB0441612802DB18008539B5 /* Build configuration list for PBXNativeTarget "ChecklistTests" */;
			buildPhases = (
				AB0441462802DB18008539B5 /* Sources */,
				AB0441472802DB18008539B5 /* Frameworks */,
				AB0441482802DB18008539B5 /* Resources */,
			);
			buildRules = (
			);
			dependencies = (
				AB04414C2802DB18008539B5 /* PBXTargetDependency */,
			);
			name = ChecklistTests;
			productName = ChecklistTests;
			productReference = AB04414A2802DB18008539B5 /* ChecklistTests.xctest */;
			productType = "com.apple.product-type.bundle.unit-test";
		};
		AB0441532802DB18008539B5 /* ChecklistUITests */ = {
			isa = PBXNativeTarget;
			buildConfigurationList = AB0441642802DB18008539B5 /* Build configuration list for PBXNativeTarget "ChecklistUITests" */;
			buildPhases = (
				AB0441502802DB18008539B5 /* Sources */,
				AB0441512802DB18008539B5 /* Frameworks */,
				AB0441522802DB18008539B5 /* Resources */,
			);
			buildRules = (
			);
			dependencies = (
				AB0441562802DB18008539B5 /* PBXTargetDependency */,
			);
			name = ChecklistUITests;
			productName = ChecklistUITests;
			productReference = AB0441542802DB18008539B5 /* ChecklistUITests.xctest */;
			productType = "com.apple.product-type.bundle.ui-testing";
		};
/* End PBXNativeTarget section */

/* Begin PBXProject section */
		AB0441322802DB17008539B5 /* Project object */ = {
			isa = PBXProject;
			attributes = {
				BuildIndependentTargetsInParallel = 1;
				LastSwiftUpdateCheck = 1320;
				LastUpgradeCheck = 1320;
				TargetAttributes = {
					AB0441392802DB17008539B5 = {
						CreatedOnToolsVersion = 13.2;
					};
					AB0441492802DB18008539B5 = {
						CreatedOnToolsVersion = 13.2;
						TestTargetID = AB0441392802DB17008539B5;
					};
					AB0441532802DB18008539B5 = {
						CreatedOnToolsVersion = 13.2;
						TestTargetID = AB0441392802DB17008539B5;
					};
				};
			};
			buildConfigurationList = AB0441352802DB17008539B5 /* Build configuration list for PBXProject "Checklist" */;
			compatibilityVersion = "Xcode 13.0";
			developmentRegion = en;
			hasScannedForEncodings = 0;
			knownRegions = (
				en,
				Base,
			);
			mainGroup = AB0441312802DB17008539B5;
			productRefGroup = AB04413B2802DB17008539B5 /* Products */;
			projectDirPath = "";
			projectRoot = "";
			targets = (
				AB0441392802DB17008539B5 /* Checklist */,
				AB0441492802DB18008539B5 /* ChecklistTests */,
				AB0441532802DB18008539B5 /* ChecklistUITests */,
			);
		};
/* End PBXProject section */

/* Begin PBXResourcesBuildPhase section */
		AB0441382802DB17008539B5 /* Resources */ = {
			isa = PBXResourcesBuildPhase;
			buildActionMask = 2147483647;
			files = (
				AB0441452802DB18008539B5 /* Preview Assets.xcassets in Resources */,
				AB711960280939FA00514793 /* ChecklistDetails.json in Resources */,
				AB0441422802DB18008539B5 /* Assets.xcassets in Resources */,
			);
			runOnlyForDeploymentPostprocessing = 0;
		};
		AB0441482802DB18008539B5 /* Resources */ = {
			isa = PBXResourcesBuildPhase;
			buildActionMask = 2147483647;
			files = (
			);
			runOnlyForDeploymentPostprocessing = 0;
		};
		AB0441522802DB18008539B5 /* Resources */ = {
			isa = PBXResourcesBuildPhase;
			buildActionMask = 2147483647;
			files = (
			);
			runOnlyForDeploymentPostprocessing = 0;
		};
/* End PBXResourcesBuildPhase section */

/* Begin PBXSourcesBuildPhase section */
		AB0441362802DB17008539B5 /* Sources */ = {
			isa = PBXSourcesBuildPhase;
			buildActionMask = 2147483647;
			files = (
				AB0441712802DCCE008539B5 /* CheckListDataModel.swift in Sources */,
				AB0441402802DB17008539B5 /* MasterView.swift in Sources */,
				AB04416B2802DBD6008539B5 /* DetailView.swift in Sources */,
				AB0441732802DD28008539B5 /* StringConstants.swift in Sources */,
				AB04416F2802DC08008539B5 /* MasterViewDataModel.swift in Sources */,
				AB04413E2802DB17008539B5 /* ChecklistApp.swift in Sources */,
				AB0441682802DBBD008539B5 /* CheckView.swift in Sources */,
				AB71195E2809398500514793 /* ChecklistDetailsModel.swift in Sources */,
			);
			runOnlyForDeploymentPostprocessing = 0;
		};
		AB0441462802DB18008539B5 /* Sources */ = {
			isa = PBXSourcesBuildPhase;
			buildActionMask = 2147483647;
			files = (
				AB04414F2802DB18008539B5 /* ChecklistTests.swift in Sources */,
			);
			runOnlyForDeploymentPostprocessing = 0;
		};
		AB0441502802DB18008539B5 /* Sources */ = {
			isa = PBXSourcesBuildPhase;
			buildActionMask = 2147483647;
			files = (
				AB0441592802DB18008539B5 /* ChecklistUITests.swift in Sources */,
				AB04415B2802DB18008539B5 /* ChecklistUITestsLaunchTests.swift in Sources */,
			);
			runOnlyForDeploymentPostprocessing = 0;
		};
/* End PBXSourcesBuildPhase section */

/* Begin PBXTargetDependency section */
		AB04414C2802DB18008539B5 /* PBXTargetDependency */ = {
			isa = PBXTargetDependency;
			target = AB0441392802DB17008539B5 /* Checklist */;
			targetProxy = AB04414B2802DB18008539B5 /* PBXContainerItemProxy */;
		};
		AB0441562802DB18008539B5 /* PBXTargetDependency */ = {
			isa = PBXTargetDependency;
			target = AB0441392802DB17008539B5 /* Checklist */;
			targetProxy = AB0441552802DB18008539B5 /* PBXContainerItemProxy */;
		};
/* End PBXTargetDependency section */

/* Begin XCBuildConfiguration section */
		AB04415C2802DB18008539B5 /* Debug */ = {
			isa = XCBuildConfiguration;
			buildSettings = {
				ALWAYS_SEARCH_USER_PATHS = NO;
				CLANG_ANALYZER_NONNULL = YES;
				CLANG_ANALYZER_NUMBER_OBJECT_CONVERSION = YES_AGGRESSIVE;
				CLANG_CXX_LANGUAGE_STANDARD = "gnu++17";
				CLANG_CXX_LIBRARY = "libc++";
				CLANG_ENABLE_MODULES = YES;
				CLANG_ENABLE_OBJC_ARC = YES;
				CLANG_ENABLE_OBJC_WEAK = YES;
				CLANG_WARN_BLOCK_CAPTURE_AUTORELEASING = YES;
				CLANG_WARN_BOOL_CONVERSION = YES;
				CLANG_WARN_COMMA = YES;
				CLANG_WARN_CONSTANT_CONVERSION = YES;
				CLANG_WARN_DEPRECATED_OBJC_IMPLEMENTATIONS = YES;
				CLANG_WARN_DIRECT_OBJC_ISA_USAGE = YES_ERROR;
				CLANG_WARN_DOCUMENTATION_COMMENTS = YES;
				CLANG_WARN_EMPTY_BODY = YES;
				CLANG_WARN_ENUM_CONVERSION = YES;
				CLANG_WARN_INFINITE_RECURSION = YES;
				CLANG_WARN_INT_CONVERSION = YES;
				CLANG_WARN_NON_LITERAL_NULL_CONVERSION = YES;
				CLANG_WARN_OBJC_IMPLICIT_RETAIN_SELF = YES;
				CLANG_WARN_OBJC_LITERAL_CONVERSION = YES;
				CLANG_WARN_OBJC_ROOT_CLASS = YES_ERROR;
				CLANG_WARN_QUOTED_INCLUDE_IN_FRAMEWORK_HEADER = YES;
				CLANG_WARN_RANGE_LOOP_ANALYSIS = YES;
				CLANG_WARN_STRICT_PROTOTYPES = YES;
				CLANG_WARN_SUSPICIOUS_MOVE = YES;
				CLANG_WARN_UNGUARDED_AVAILABILITY = YES_AGGRESSIVE;
				CLANG_WARN_UNREACHABLE_CODE = YES;
				CLANG_WARN__DUPLICATE_METHOD_MATCH = YES;
				COPY_PHASE_STRIP = NO;
				DEBUG_INFORMATION_FORMAT = dwarf;
				ENABLE_STRICT_OBJC_MSGSEND = YES;
				ENABLE_TESTABILITY = YES;
				GCC_C_LANGUAGE_STANDARD = gnu11;
				GCC_DYNAMIC_NO_PIC = NO;
				GCC_NO_COMMON_BLOCKS = YES;
				GCC_OPTIMIZATION_LEVEL = 0;
				GCC_PREPROCESSOR_DEFINITIONS = (
					"DEBUG=1",
					"$(inherited)",
				);
				GCC_WARN_64_TO_32_BIT_CONVERSION = YES;
				GCC_WARN_ABOUT_RETURN_TYPE = YES_ERROR;
				GCC_WARN_UNDECLARED_SELECTOR = YES;
				GCC_WARN_UNINITIALIZED_AUTOS = YES_AGGRESSIVE;
				GCC_WARN_UNUSED_FUNCTION = YES;
				GCC_WARN_UNUSED_VARIABLE = YES;
				IPHONEOS_DEPLOYMENT_TARGET = 15.2;
				MTL_ENABLE_DEBUG_INFO = INCLUDE_SOURCE;
				MTL_FAST_MATH = YES;
				ONLY_ACTIVE_ARCH = YES;
				SDKROOT = iphoneos;
				SWIFT_ACTIVE_COMPILATION_CONDITIONS = DEBUG;
				SWIFT_OPTIMIZATION_LEVEL = "-Onone";
			};
			name = Debug;
		};
		AB04415D2802DB18008539B5 /* Release */ = {
			isa = XCBuildConfiguration;
			buildSettings = {
				ALWAYS_SEARCH_USER_PATHS = NO;
				CLANG_ANALYZER_NONNULL = YES;
				CLANG_ANALYZER_NUMBER_OBJECT_CONVERSION = YES_AGGRESSIVE;
				CLANG_CXX_LANGUAGE_STANDARD = "gnu++17";
				CLANG_CXX_LIBRARY = "libc++";
				CLANG_ENABLE_MODULES = YES;
				CLANG_ENABLE_OBJC_ARC = YES;
				CLANG_ENABLE_OBJC_WEAK = YES;
				CLANG_WARN_BLOCK_CAPTURE_AUTORELEASING = YES;
				CLANG_WARN_BOOL_CONVERSION = YES;
				CLANG_WARN_COMMA = YES;
				CLANG_WARN_CONSTANT_CONVERSION = YES;
				CLANG_WARN_DEPRECATED_OBJC_IMPLEMENTATIONS = YES;
				CLANG_WARN_DIRECT_OBJC_ISA_USAGE = YES_ERROR;
				CLANG_WARN_DOCUMENTATION_COMMENTS = YES;
				CLANG_WARN_EMPTY_BODY = YES;
				CLANG_WARN_ENUM_CONVERSION = YES;
				CLANG_WARN_INFINITE_RECURSION = YES;
				CLANG_WARN_INT_CONVERSION = YES;
				CLANG_WARN_NON_LITERAL_NULL_CONVERSION = YES;
				CLANG_WARN_OBJC_IMPLICIT_RETAIN_SELF = YES;
				CLANG_WARN_OBJC_LITERAL_CONVERSION = YES;
				CLANG_WARN_OBJC_ROOT_CLASS = YES_ERROR;
				CLANG_WARN_QUOTED_INCLUDE_IN_FRAMEWORK_HEADER = YES;
				CLANG_WARN_RANGE_LOOP_ANALYSIS = YES;
				CLANG_WARN_STRICT_PROTOTYPES = YES;
				CLANG_WARN_SUSPICIOUS_MOVE = YES;
				CLANG_WARN_UNGUARDED_AVAILABILITY = YES_AGGRESSIVE;
				CLANG_WARN_UNREACHABLE_CODE = YES;
				CLANG_WARN__DUPLICATE_METHOD_MATCH = YES;
				COPY_PHASE_STRIP = NO;
				DEBUG_INFORMATION_FORMAT = "dwarf-with-dsym";
				ENABLE_NS_ASSERTIONS = NO;
				ENABLE_STRICT_OBJC_MSGSEND = YES;
				GCC_C_LANGUAGE_STANDARD = gnu11;
				GCC_NO_COMMON_BLOCKS = YES;
				GCC_WARN_64_TO_32_BIT_CONVERSION = YES;
				GCC_WARN_ABOUT_RETURN_TYPE = YES_ERROR;
				GCC_WARN_UNDECLARED_SELECTOR = YES;
				GCC_WARN_UNINITIALIZED_AUTOS = YES_AGGRESSIVE;
				GCC_WARN_UNUSED_FUNCTION = YES;
				GCC_WARN_UNUSED_VARIABLE = YES;
				IPHONEOS_DEPLOYMENT_TARGET = 15.2;
				MTL_ENABLE_DEBUG_INFO = NO;
				MTL_FAST_MATH = YES;
				SDKROOT = iphoneos;
				SWIFT_COMPILATION_MODE = wholemodule;
				SWIFT_OPTIMIZATION_LEVEL = "-O";
				VALIDATE_PRODUCT = YES;
			};
			name = Release;
		};
		AB04415F2802DB18008539B5 /* Debug */ = {
			isa = XCBuildConfiguration;
			buildSettings = {
				ASSETCATALOG_COMPILER_APPICON_NAME = AppIcon;
				ASSETCATALOG_COMPILER_GLOBAL_ACCENT_COLOR_NAME = AccentColor;
				CODE_SIGN_STYLE = Automatic;
				CURRENT_PROJECT_VERSION = 1;
				DEVELOPMENT_ASSET_PATHS = "\"Checklist/Preview Content\"";
				ENABLE_PREVIEWS = YES;
				GENERATE_INFOPLIST_FILE = YES;
				INFOPLIST_KEY_UIApplicationSceneManifest_Generation = YES;
				INFOPLIST_KEY_UIApplicationSupportsIndirectInputEvents = YES;
				INFOPLIST_KEY_UILaunchScreen_Generation = YES;
				INFOPLIST_KEY_UISupportedInterfaceOrientations_iPad = "UIInterfaceOrientationPortrait UIInterfaceOrientationPortraitUpsideDown UIInterfaceOrientationLandscapeLeft UIInterfaceOrientationLandscapeRight";
				INFOPLIST_KEY_UISupportedInterfaceOrientations_iPhone = "UIInterfaceOrientationPortrait UIInterfaceOrientationLandscapeLeft UIInterfaceOrientationLandscapeRight";
				LD_RUNPATH_SEARCH_PATHS = (
					"$(inherited)",
					"@executable_path/Frameworks",
				);
				MARKETING_VERSION = 1.0;
				PRODUCT_BUNDLE_IDENTIFIER = ramanjaneyulukoduri.Checklist;
				PRODUCT_NAME = "$(TARGET_NAME)";
				SWIFT_EMIT_LOC_STRINGS = YES;
				SWIFT_VERSION = 5.0;
				TARGETED_DEVICE_FAMILY = "1,2";
			};
			name = Debug;
		};
		AB0441602802DB18008539B5 /* Release */ = {
			isa = XCBuildConfiguration;
			buildSettings = {
				ASSETCATALOG_COMPILER_APPICON_NAME = AppIcon;
				ASSETCATALOG_COMPILER_GLOBAL_ACCENT_COLOR_NAME = AccentColor;
				CODE_SIGN_STYLE = Automatic;
				CURRENT_PROJECT_VERSION = 1;
				DEVELOPMENT_ASSET_PATHS = "\"Checklist/Preview Content\"";
				ENABLE_PREVIEWS = YES;
				GENERATE_INFOPLIST_FILE = YES;
				INFOPLIST_KEY_UIApplicationSceneManifest_Generation = YES;
				INFOPLIST_KEY_UIApplicationSupportsIndirectInputEvents = YES;
				INFOPLIST_KEY_UILaunchScreen_Generation = YES;
				INFOPLIST_KEY_UISupportedInterfaceOrientations_iPad = "UIInterfaceOrientationPortrait UIInterfaceOrientationPortraitUpsideDown UIInterfaceOrientationLandscapeLeft UIInterfaceOrientationLandscapeRight";
				INFOPLIST_KEY_UISupportedInterfaceOrientations_iPhone = "UIInterfaceOrientationPortrait UIInterfaceOrientationLandscapeLeft UIInterfaceOrientationLandscapeRight";
				LD_RUNPATH_SEARCH_PATHS = (
					"$(inherited)",
					"@executable_path/Frameworks",
				);
				MARKETING_VERSION = 1.0;
				PRODUCT_BUNDLE_IDENTIFIER = ramanjaneyulukoduri.Checklist;
				PRODUCT_NAME = "$(TARGET_NAME)";
				SWIFT_EMIT_LOC_STRINGS = YES;
				SWIFT_VERSION = 5.0;
				TARGETED_DEVICE_FAMILY = "1,2";
			};
			name = Release;
		};
		AB0441622802DB18008539B5 /* Debug */ = {
			isa = XCBuildConfiguration;
			buildSettings = {
				ALWAYS_EMBED_SWIFT_STANDARD_LIBRARIES = YES;
				BUNDLE_LOADER = "$(TEST_HOST)";
				CODE_SIGN_STYLE = Automatic;
				CURRENT_PROJECT_VERSION = 1;
				GENERATE_INFOPLIST_FILE = YES;
				IPHONEOS_DEPLOYMENT_TARGET = 15.2;
				MARKETING_VERSION = 1.0;
				PRODUCT_BUNDLE_IDENTIFIER = ramanjaneyulukoduri.ChecklistTests;
				PRODUCT_NAME = "$(TARGET_NAME)";
				SWIFT_EMIT_LOC_STRINGS = NO;
				SWIFT_VERSION = 5.0;
				TARGETED_DEVICE_FAMILY = "1,2";
				TEST_HOST = "$(BUILT_PRODUCTS_DIR)/Checklist.app/Checklist";
			};
			name = Debug;
		};
		AB0441632802DB18008539B5 /* Release */ = {
			isa = XCBuildConfiguration;
			buildSettings = {
				ALWAYS_EMBED_SWIFT_STANDARD_LIBRARIES = YES;
				BUNDLE_LOADER = "$(TEST_HOST)";
				CODE_SIGN_STYLE = Automatic;
				CURRENT_PROJECT_VERSION = 1;
				GENERATE_INFOPLIST_FILE = YES;
				IPHONEOS_DEPLOYMENT_TARGET = 15.2;
				MARKETING_VERSION = 1.0;
				PRODUCT_BUNDLE_IDENTIFIER = ramanjaneyulukoduri.ChecklistTests;
				PRODUCT_NAME = "$(TARGET_NAME)";
				SWIFT_EMIT_LOC_STRINGS = NO;
				SWIFT_VERSION = 5.0;
				TARGETED_DEVICE_FAMILY = "1,2";
				TEST_HOST = "$(BUILT_PRODUCTS_DIR)/Checklist.app/Checklist";
			};
			name = Release;
		};
		AB0441652802DB18008539B5 /* Debug */ = {
			isa = XCBuildConfiguration;
			buildSettings = {
				ALWAYS_EMBED_SWIFT_STANDARD_LIBRARIES = YES;
				CODE_SIGN_STYLE = Automatic;
				CURRENT_PROJECT_VERSION = 1;
				GENERATE_INFOPLIST_FILE = YES;
				MARKETING_VERSION = 1.0;
				PRODUCT_BUNDLE_IDENTIFIER = ramanjaneyulukoduri.ChecklistUITests;
				PRODUCT_NAME = "$(TARGET_NAME)";
				SWIFT_EMIT_LOC_STRINGS = NO;
				SWIFT_VERSION = 5.0;
				TARGETED_DEVICE_FAMILY = "1,2";
				TEST_TARGET_NAME = Checklist;
			};
			name = Debug;
		};
		AB0441662802DB18008539B5 /* Release */ = {
			isa = XCBuildConfiguration;
			buildSettings = {
				ALWAYS_EMBED_SWIFT_STANDARD_LIBRARIES = YES;
				CODE_SIGN_STYLE = Automatic;
				CURRENT_PROJECT_VERSION = 1;
				GENERATE_INFOPLIST_FILE = YES;
				MARKETING_VERSION = 1.0;
				PRODUCT_BUNDLE_IDENTIFIER = ramanjaneyulukoduri.ChecklistUITests;
				PRODUCT_NAME = "$(TARGET_NAME)";
				SWIFT_EMIT_LOC_STRINGS = NO;
				SWIFT_VERSION = 5.0;
				TARGETED_DEVICE_FAMILY = "1,2";
				TEST_TARGET_NAME = Checklist;
			};
			name = Release;
		};
/* End XCBuildConfiguration section */

/* Begin XCConfigurationList section */
		AB0441352802DB17008539B5 /* Build configuration list for PBXProject "Checklist" */ = {
			isa = XCConfigurationList;
			buildConfigurations = (
				AB04415C2802DB18008539B5 /* Debug */,
				AB04415D2802DB18008539B5 /* Release */,
			);
			defaultConfigurationIsVisible = 0;
			defaultConfigurationName = Release;
		};
		AB04415E2802DB18008539B5 /* Build configuration list for PBXNativeTarget "Checklist" */ = {
			isa = XCConfigurationList;
			buildConfigurations = (
				AB04415F2802DB18008539B5 /* Debug */,
				AB0441602802DB18008539B5 /* Release */,
			);
			defaultConfigurationIsVisible = 0;
			defaultConfigurationName = Release;
		};
		AB0441612802DB18008539B5 /* Build configuration list for PBXNativeTarget "ChecklistTests" */ = {
			isa = XCConfigurationList;
			buildConfigurations = (
				AB0441622802DB18008539B5 /* Debug */,
				AB0441632802DB18008539B5 /* Release */,
			);
			defaultConfigurationIsVisible = 0;
			defaultConfigurationName = Release;
		};
		AB0441642802DB18008539B5 /* Build configuration list for PBXNativeTarget "ChecklistUITests" */ = {
			isa = XCConfigurationList;
			buildConfigurations = (
				AB0441652802DB18008539B5 /* Debug */,
				AB0441662802DB18008539B5 /* Release */,
			);
			defaultConfigurationIsVisible = 0;
			defaultConfigurationName = Release;
		};
/* End XCConfigurationList section */
	};
	rootObject = AB0441322802DB17008539B5 /* Project object */;
}
